
Microsoft Visual Studio Solution File, Format Version 11.00
# Visual Studio 2010
Project("{FAE04EC0-301F-11D3-BF4B-00C04F79EFBC}") = "KnowledgeTester", "KnowledgeTester\KnowledgeTester.csproj", "{EF2F7153-01CE-41A7-8E80-C286DB78814E}"
	ProjectSection(ProjectDependencies) = postProject
		{C9EB8250-2460-4E8F-921F-F05E91859705} = {C9EB8250-2460-4E8F-921F-F05E91859705}
	EndProjectSection
EndProject
Project("{FAE04EC0-301F-11D3-BF4B-00C04F79EFBC}") = "KT.Database", "KT.DB\KT.Database.csproj", "{B09949D6-E56C-4E55-81D3-08EA5D29C8FA}"
EndProject
Project("{FAE04EC0-301F-11D3-BF4B-00C04F79EFBC}") = "KT.Services", "KT.Services\KT.Services.csproj", "{C9EB8250-2460-4E8F-921F-F05E91859705}"
EndProject
Project("{FAE04EC0-301F-11D3-BF4B-00C04F79EFBC}") = "KT.ServiceInterfaces", "KT.ServiceInterfaces\KT.ServiceInterfaces.csproj", "{2419B4E5-7AF9-4BC8-84F6-104DA723BA03}"
EndProject
Project("{FAE04EC0-301F-11D3-BF4B-00C04F79EFBC}") = "KT.DTOs", "KT.DTOs\KT.DTOs.csproj", "{F6A8C081-B8AD-429C-833F-8A368D705280}"
EndProject
Project("{FAE04EC0-301F-11D3-BF4B-00C04F79EFBC}") = "KT.Utils", "KT.Utils\KT.Utils.csproj", "{50BF3AA5-C709-4569-B724-F52BAB76D69A}"
EndProject
Project("{2150E333-8FDC-42A3-9474-1A3956D46DE8}") = "Tests", "Tests", "{322DD2C1-EF98-439D-8DD4-63BF45A7BB0C}"
EndProject
Project("{FAE04EC0-301F-11D3-BF4B-00C04F79EFBC}") = "KT.Utils.Tests", "KT.Utils.Tests\KT.Utils.Tests.csproj", "{C0210B18-0324-4CD4-9922-348FB86C3705}"
EndProject
Project("{FAE04EC0-301F-11D3-BF4B-00C04F79EFBC}") = "KT.Logger", "KT.Logger\KT.Logger.csproj", "{BABADA30-7305-4E74-A3DE-05703EC0262B}"
EndProject
Project("{2150E333-8FDC-42A3-9474-1A3956D46DE8}") = "Logger", "Logger", "{B92D4972-7444-4010-999B-5D8829A15EF2}"
EndProject
Project("{2150E333-8FDC-42A3-9474-1A3956D46DE8}") = "Logger", "Logger", "{7794AD15-7E24-4437-9262-C6BFF9D32CAF}"
EndProject
Project("{FAE04EC0-301F-11D3-BF4B-00C04F79EFBC}") = "KT.Logger.Tests", "KT.Logger.Tests\KT.Logger.Tests.csproj", "{4FB13473-3C56-44DC-AE1D-7FF339FEA41D}"
EndProject
Project("{2150E333-8FDC-42A3-9474-1A3956D46DE8}") = "TestValidator", "TestValidator", "{4106258B-66A9-4FE1-96B2-EE6124412338}"
EndProject
Project("{FAE04EC0-301F-11D3-BF4B-00C04F79EFBC}") = "KT.EmailSender", "KT.EmailSender\KT.EmailSender.csproj", "{918C0B08-477E-4BFA-AF0D-1F3E699E20D9}"
EndProject
Project("{FAE04EC0-301F-11D3-BF4B-00C04F79EFBC}") = "KT.TestValidator", "KT.TestValidator\KT.TestValidator.csproj", "{2BA2A5FC-ED35-4F08-8BFE-2B2B7DCB8CC2}"
EndProject
Global
	GlobalSection(SolutionConfigurationPlatforms) = preSolution
		Debug|Any CPU = Debug|Any CPU
		Release|Any CPU = Release|Any CPU
	EndGlobalSection
	GlobalSection(ProjectConfigurationPlatforms) = postSolution
		{EF2F7153-01CE-41A7-8E80-C286DB78814E}.Debug|Any CPU.ActiveCfg = Debug|Any CPU
		{EF2F7153-01CE-41A7-8E80-C286DB78814E}.Debug|Any CPU.Build.0 = Debug|Any CPU
		{EF2F7153-01CE-41A7-8E80-C286DB78814E}.Release|Any CPU.ActiveCfg = Release|Any CPU
		{EF2F7153-01CE-41A7-8E80-C286DB78814E}.Release|Any CPU.Build.0 = Release|Any CPU
		{B09949D6-E56C-4E55-81D3-08EA5D29C8FA}.Debug|Any CPU.ActiveCfg = Debug|Any CPU
		{B09949D6-E56C-4E55-81D3-08EA5D29C8FA}.Debug|Any CPU.Build.0 = Debug|Any CPU
		{B09949D6-E56C-4E55-81D3-08EA5D29C8FA}.Release|Any CPU.ActiveCfg = Release|Any CPU
		{B09949D6-E56C-4E55-81D3-08EA5D29C8FA}.Release|Any CPU.Build.0 = Release|Any CPU
		{C9EB8250-2460-4E8F-921F-F05E91859705}.Debug|Any CPU.ActiveCfg = Debug|Any CPU
		{C9EB8250-2460-4E8F-921F-F05E91859705}.Debug|Any CPU.Build.0 = Debug|Any CPU
		{C9EB8250-2460-4E8F-921F-F05E91859705}.Release|Any CPU.ActiveCfg = Release|Any CPU
		{C9EB8250-2460-4E8F-921F-F05E91859705}.Release|Any CPU.Build.0 = Release|Any CPU
		{2419B4E5-7AF9-4BC8-84F6-104DA723BA03}.Debug|Any CPU.ActiveCfg = Debug|Any CPU
		{2419B4E5-7AF9-4BC8-84F6-104DA723BA03}.Debug|Any CPU.Build.0 = Debug|Any CPU
		{2419B4E5-7AF9-4BC8-84F6-104DA723BA03}.Release|Any CPU.ActiveCfg = Release|Any CPU
		{2419B4E5-7AF9-4BC8-84F6-104DA723BA03}.Release|Any CPU.Build.0 = Release|Any CPU
		{F6A8C081-B8AD-429C-833F-8A368D705280}.Debug|Any CPU.ActiveCfg = Debug|Any CPU
		{F6A8C081-B8AD-429C-833F-8A368D705280}.Debug|Any CPU.Build.0 = Debug|Any CPU
		{F6A8C081-B8AD-429C-833F-8A368D705280}.Release|Any CPU.ActiveCfg = Release|Any CPU
		{F6A8C081-B8AD-429C-833F-8A368D705280}.Release|Any CPU.Build.0 = Release|Any CPU
		{50BF3AA5-C709-4569-B724-F52BAB76D69A}.Debug|Any CPU.ActiveCfg = Debug|Any CPU
		{50BF3AA5-C709-4569-B724-F52BAB76D69A}.Debug|Any CPU.Build.0 = Debug|Any CPU
		{50BF3AA5-C709-4569-B724-F52BAB76D69A}.Release|Any CPU.ActiveCfg = Release|Any CPU
		{50BF3AA5-C709-4569-B724-F52BAB76D69A}.Release|Any CPU.Build.0 = Release|Any CPU
		{C0210B18-0324-4CD4-9922-348FB86C3705}.Debug|Any CPU.ActiveCfg = Debug|Any CPU
		{C0210B18-0324-4CD4-9922-348FB86C3705}.Debug|Any CPU.Build.0 = Debug|Any CPU
		{C0210B18-0324-4CD4-9922-348FB86C3705}.Release|Any CPU.ActiveCfg = Release|Any CPU
		{C0210B18-0324-4CD4-9922-348FB86C3705}.Release|Any CPU.Build.0 = Release|Any CPU
		{BABADA30-7305-4E74-A3DE-05703EC0262B}.Debug|Any CPU.ActiveCfg = Debug|Any CPU
		{BABADA30-7305-4E74-A3DE-05703EC0262B}.Debug|Any CPU.Build.0 = Debug|Any CPU
		{BABADA30-7305-4E74-A3DE-05703EC0262B}.Release|Any CPU.ActiveCfg = Release|Any CPU
		{BABADA30-7305-4E74-A3DE-05703EC0262B}.Release|Any CPU.Build.0 = Release|Any CPU
		{4FB13473-3C56-44DC-AE1D-7FF339FEA41D}.Debug|Any CPU.ActiveCfg = Debug|Any CPU
		{4FB13473-3C56-44DC-AE1D-7FF339FEA41D}.Debug|Any CPU.Build.0 = Debug|Any CPU
		{4FB13473-3C56-44DC-AE1D-7FF339FEA41D}.Release|Any CPU.ActiveCfg = Release|Any CPU
		{4FB13473-3C56-44DC-AE1D-7FF339FEA41D}.Release|Any CPU.Build.0 = Release|Any CPU
		{918C0B08-477E-4BFA-AF0D-1F3E699E20D9}.Debug|Any CPU.ActiveCfg = Debug|Any CPU
		{918C0B08-477E-4BFA-AF0D-1F3E699E20D9}.Debug|Any CPU.Build.0 = Debug|Any CPU
		{918C0B08-477E-4BFA-AF0D-1F3E699E20D9}.Release|Any CPU.ActiveCfg = Release|Any CPU
		{918C0B08-477E-4BFA-AF0D-1F3E699E20D9}.Release|Any CPU.Build.0 = Release|Any CPU
		{2BA2A5FC-ED35-4F08-8BFE-2B2B7DCB8CC2}.Debug|Any CPU.ActiveCfg = Debug|Any CPU
		{2BA2A5FC-ED35-4F08-8BFE-2B2B7DCB8CC2}.Debug|Any CPU.Build.0 = Debug|Any CPU
		{2BA2A5FC-ED35-4F08-8BFE-2B2B7DCB8CC2}.Release|Any CPU.ActiveCfg = Release|Any CPU
		{2BA2A5FC-ED35-4F08-8BFE-2B2B7DCB8CC2}.Release|Any CPU.Build.0 = Release|Any CPU
	EndGlobalSection
	GlobalSection(SolutionProperties) = preSolution
		HideSolutionNode = FALSE
	EndGlobalSection
	GlobalSection(NestedProjects) = preSolution
		{C0210B18-0324-4CD4-9922-348FB86C3705} = {322DD2C1-EF98-439D-8DD4-63BF45A7BB0C}
		{7794AD15-7E24-4437-9262-C6BFF9D32CAF} = {322DD2C1-EF98-439D-8DD4-63BF45A7BB0C}
		{BABADA30-7305-4E74-A3DE-05703EC0262B} = {B92D4972-7444-4010-999B-5D8829A15EF2}
		{4FB13473-3C56-44DC-AE1D-7FF339FEA41D} = {7794AD15-7E24-4437-9262-C6BFF9D32CAF}
		{918C0B08-477E-4BFA-AF0D-1F3E699E20D9} = {4106258B-66A9-4FE1-96B2-EE6124412338}
		{2BA2A5FC-ED35-4F08-8BFE-2B2B7DCB8CC2} = {4106258B-66A9-4FE1-96B2-EE6124412338}
	EndGlobalSection
EndGlobal
